
Microsoft Visual Studio Solution File, Format Version 12.00
# Visual Studio Version 16
VisualStudioVersion = 16.0.31702.278
MinimumVisualStudioVersion = 10.0.40219.1
Project("{8BC9CEB8-8B4A-11D0-8D11-00A0C91BC942}") = "password-manager", "password-manager.vcxproj", "{7B78D942-4853-42FD-B898-D3AD95A6220E}"
EndProject
Global
	GlobalSection(SolutionConfigurationPlatforms) = preSolution
		Debug|x64 = Debug|x64
		Release|x64 = Release|x64
	EndGlobalSection
	GlobalSection(ProjectConfigurationPlatforms) = postSolution
		{7B78D942-4853-42FD-B898-D3AD95A6220E}.Debug|x64.ActiveCfg = Debug|x64
		{7B78D942-4853-42FD-B898-D3AD95A6220E}.Debug|x64.Build.0 = Debug|x64
		{7B78D942-4853-42FD-B898-D3AD95A6220E}.Release|x64.ActiveCfg = Release|x64
		{7B78D942-4853-42FD-B898-D3AD95A6220E}.Release|x64.Build.0 = Release|x64
	EndGlobalSection
	GlobalSection(SolutionProperties) = preSolution
		HideSolutionNode = FALSE
	EndGlobalSection
	GlobalSection(ExtensibilityGlobals) = postSolution
		SolutionGuid = {326283C7-70AA-438D-8339-F28ED2D56865}
	EndGlobalSection
EndGlobal
